
Microsoft Visual Studio Solution File, Format Version 12.00
# Visual Studio Version 17
VisualStudioVersion = 17.5.002.0
MinimumVisualStudioVersion = 10.0.40219.1
Project("{2150E333-8FDC-42A3-9474-1A3956D46DE8}") = "Nivel1", "Nivel1", "{9E58883F-7100-449F-9038-D15921473311}"
EndProject
Project("{9A19103F-16F7-4668-BE54-9A1E7A4F7556}") = "Soma_Simples", "Nivel1\Soma_Simples\Soma_Simples.csproj", "{B4EA2562-5FFA-406A-8BB6-3E7195926281}"
EndProject
Global
	GlobalSection(SolutionConfigurationPlatforms) = preSolution
		Debug|Any CPU = Debug|Any CPU
		Release|Any CPU = Release|Any CPU
	EndGlobalSection
	GlobalSection(ProjectConfigurationPlatforms) = postSolution
		{B4EA2562-5FFA-406A-8BB6-3E7195926281}.Debug|Any CPU.ActiveCfg = Debug|Any CPU
		{B4EA2562-5FFA-406A-8BB6-3E7195926281}.Debug|Any CPU.Build.0 = Debug|Any CPU
		{B4EA2562-5FFA-406A-8BB6-3E7195926281}.Release|Any CPU.ActiveCfg = Release|Any CPU
		{B4EA2562-5FFA-406A-8BB6-3E7195926281}.Release|Any CPU.Build.0 = Release|Any CPU
	EndGlobalSection
	GlobalSection(SolutionProperties) = preSolution
		HideSolutionNode = FALSE
	EndGlobalSection
	GlobalSection(NestedProjects) = preSolution
		{B4EA2562-5FFA-406A-8BB6-3E7195926281} = {9E58883F-7100-449F-9038-D15921473311}
	EndGlobalSection
	GlobalSection(ExtensibilityGlobals) = postSolution
		SolutionGuid = {7FD39B49-0C0F-404E-983D-F6230B90702C}
	EndGlobalSection
EndGlobal
